
Microsoft Visual Studio Solution File, Format Version 12.00
# Visual Studio Version 16
VisualStudioVersion = 16.0.29324.140
MinimumVisualStudioVersion = 10.0.40219.1
Project("{FAE04EC0-301F-11D3-BF4B-00C04F79EFBC}") = "DashboardOrnek", "DashboardOrnek\DashboardOrnek.csproj", "{AAF45785-736D-426E-9FF8-CAD4222DF16B}"
EndProject
Global
	GlobalSection(SolutionConfigurationPlatforms) = preSolution
		Debug|Any CPU = Debug|Any CPU
		Release|Any CPU = Release|Any CPU
	EndGlobalSection
	GlobalSection(ProjectConfigurationPlatforms) = postSolution
		{AAF45785-736D-426E-9FF8-CAD4222DF16B}.Debug|Any CPU.ActiveCfg = Debug|Any CPU
		{AAF45785-736D-426E-9FF8-CAD4222DF16B}.Debug|Any CPU.Build.0 = Debug|Any CPU
		{AAF45785-736D-426E-9FF8-CAD4222DF16B}.Release|Any CPU.ActiveCfg = Release|Any CPU
		{AAF45785-736D-426E-9FF8-CAD4222DF16B}.Release|Any CPU.Build.0 = Release|Any CPU
	EndGlobalSection
	GlobalSection(SolutionProperties) = preSolution
		HideSolutionNode = FALSE
	EndGlobalSection
	GlobalSection(ExtensibilityGlobals) = postSolution
		SolutionGuid = {B9D6D12D-E90E-4254-B081-4B2B34050A84}
	EndGlobalSection
EndGlobal
